Microsoft Visual Studio Solution File, Format Version 12.00
# Visual Studio 2012
Project("{FAE04EC0-301F-11D3-BF4B-00C04F79EFBC}") = "jodler-base-arena", "jodler-base-arena.csproj", "{2EBD9F73-C6AD-4E31-8FD3-8C7A2138292B}"
EndProject
Global
	GlobalSection(SolutionConfigurationPlatforms) = preSolution
	Debug|Any CPU = Debug|Any CPU
	ExportDebug|Any CPU = ExportDebug|Any CPU
	ExportRelease|Any CPU = ExportRelease|Any CPU
	EndGlobalSection
	GlobalSection(ProjectConfigurationPlatforms) = postSolution
		{2EBD9F73-C6AD-4E31-8FD3-8C7A2138292B}.Debug|Any CPU.ActiveCfg = Debug|Any CPU
		{2EBD9F73-C6AD-4E31-8FD3-8C7A2138292B}.Debug|Any CPU.Build.0 = Debug|Any CPU
		{2EBD9F73-C6AD-4E31-8FD3-8C7A2138292B}.ExportDebug|Any CPU.ActiveCfg = ExportDebug|Any CPU
		{2EBD9F73-C6AD-4E31-8FD3-8C7A2138292B}.ExportDebug|Any CPU.Build.0 = ExportDebug|Any CPU
		{2EBD9F73-C6AD-4E31-8FD3-8C7A2138292B}.ExportRelease|Any CPU.ActiveCfg = ExportRelease|Any CPU
		{2EBD9F73-C6AD-4E31-8FD3-8C7A2138292B}.ExportRelease|Any CPU.Build.0 = ExportRelease|Any CPU
	EndGlobalSection
EndGlobal
